
Microsoft Visual Studio Solution File, Format Version 12.00
# Visual Studio Version 17
VisualStudioVersion = 17.4.33213.308
MinimumVisualStudioVersion = 10.0.40219.1
Project("{FAE04EC0-301F-11D3-BF4B-00C04F79EFBC}") = "automate", "automate\automate.csproj", "{768786FC-F279-4A56-8BAD-09ADF625F93A}"
EndProject
Global
	GlobalSection(SolutionConfigurationPlatforms) = preSolution
		Debug|Any CPU = Debug|Any CPU
		Release|Any CPU = Release|Any CPU
	EndGlobalSection
	GlobalSection(ProjectConfigurationPlatforms) = postSolution
		{768786FC-F279-4A56-8BAD-09ADF625F93A}.Debug|Any CPU.ActiveCfg = Debug|Any CPU
		{768786FC-F279-4A56-8BAD-09ADF625F93A}.Debug|Any CPU.Build.0 = Debug|Any CPU
		{768786FC-F279-4A56-8BAD-09ADF625F93A}.Release|Any CPU.ActiveCfg = Release|Any CPU
		{768786FC-F279-4A56-8BAD-09ADF625F93A}.Release|Any CPU.Build.0 = Release|Any CPU
	EndGlobalSection
	GlobalSection(SolutionProperties) = preSolution
		HideSolutionNode = FALSE
	EndGlobalSection
	GlobalSection(ExtensibilityGlobals) = postSolution
		SolutionGuid = {5F3069ED-8F65-4F38-8905-1C6C1CE72F49}
	EndGlobalSection
EndGlobal
